
Microsoft Visual Studio Solution File, Format Version 12.00
# Visual Studio Version 16
VisualStudioVersion = 16.0.30406.217
MinimumVisualStudioVersion = 10.0.40219.1
Project("{151D2E53-A2C4-4D7D-83FE-D05416EBD58E}") = "arm", "arm.deployproj", "{87EDA8BD-31EC-47F3-96D5-80247217BFE1}"
EndProject
Global
	GlobalSection(SolutionConfigurationPlatforms) = preSolution
		Debug|Any CPU = Debug|Any CPU
		Release|Any CPU = Release|Any CPU
	EndGlobalSection
	GlobalSection(ProjectConfigurationPlatforms) = postSolution
		{87EDA8BD-31EC-47F3-96D5-80247217BFE1}.Debug|Any CPU.ActiveCfg = Debug|Any CPU
		{87EDA8BD-31EC-47F3-96D5-80247217BFE1}.Debug|Any CPU.Build.0 = Debug|Any CPU
		{87EDA8BD-31EC-47F3-96D5-80247217BFE1}.Release|Any CPU.ActiveCfg = Release|Any CPU
		{87EDA8BD-31EC-47F3-96D5-80247217BFE1}.Release|Any CPU.Build.0 = Release|Any CPU
	EndGlobalSection
	GlobalSection(SolutionProperties) = preSolution
		HideSolutionNode = FALSE
	EndGlobalSection
	GlobalSection(ExtensibilityGlobals) = postSolution
		SolutionGuid = {0FF8DE95-B305-4605-8449-87FA8D2E66AD}
	EndGlobalSection
EndGlobal
